
Microsoft Visual Studio Solution File, Format Version 12.00
# Visual Studio Version 16
VisualStudioVersion = 16.0.33529.622
MinimumVisualStudioVersion = 10.0.40219.1
Project("{8BC9CEB8-8B4A-11D0-8D11-00A0C91BC942}") = "GB28181Client", "GB28181Client.vcxproj", "{C181263A-F2ED-4E10-BFCA-EA69901B7429}"
	ProjectSection(ProjectDependencies) = postProject
		{3D224576-94CD-47C0-8F98-386BFD6404CF} = {3D224576-94CD-47C0-8F98-386BFD6404CF}
		{6480D39A-D786-4C7A-8255-AEAC86E3F60C} = {6480D39A-D786-4C7A-8255-AEAC86E3F60C}
	EndProjectSection
EndProject
Project("{8BC9CEB8-8B4A-11D0-8D11-00A0C91BC942}") = "tinyXml", "..\tinyXml\tinyXml.vcxproj", "{980BDDBC-D076-4D0D-A1BB-22A528C669E8}"
EndProject
Project("{8BC9CEB8-8B4A-11D0-8D11-00A0C91BC942}") = "mysipsdk", "..\mysipsdk\mysipsdk.vcxproj", "{6480D39A-D786-4C7A-8255-AEAC86E3F60C}"
	ProjectSection(ProjectDependencies) = postProject
		{D4FD8942-4634-4598-B1C0-55D61815A9E8} = {D4FD8942-4634-4598-B1C0-55D61815A9E8}
		{980BDDBC-D076-4D0D-A1BB-22A528C669E8} = {980BDDBC-D076-4D0D-A1BB-22A528C669E8}
		{3A314DC3-17EC-464A-A38A-215BB7900595} = {3A314DC3-17EC-464A-A38A-215BB7900595}
	EndProjectSection
EndProject
Project("{8BC9CEB8-8B4A-11D0-8D11-00A0C91BC942}") = "jsoncpp", "..\jsoncpp\jsoncpp.vcxproj", "{3A314DC3-17EC-464A-A38A-215BB7900595}"
EndProject
Project("{8BC9CEB8-8B4A-11D0-8D11-00A0C91BC942}") = "jrtplib", "..\jrtplib\jrtplib.vcxproj", "{C45E30D1-33C8-47A4-8B4B-A4285F9D6927}"
EndProject
Project("{8BC9CEB8-8B4A-11D0-8D11-00A0C91BC942}") = "jthread", "..\jthread\jthread.vcxproj", "{54E8E158-C31B-4D62-B0B2-49F9207E9955}"
EndProject
Project("{8BC9CEB8-8B4A-11D0-8D11-00A0C91BC942}") = "GBStreamReceiver", "..\GBStreamReceiver\GBStreamReceiver.vcxproj", "{3D224576-94CD-47C0-8F98-386BFD6404CF}"
	ProjectSection(ProjectDependencies) = postProject
		{54E8E158-C31B-4D62-B0B2-49F9207E9955} = {54E8E158-C31B-4D62-B0B2-49F9207E9955}
		{C45E30D1-33C8-47A4-8B4B-A4285F9D6927} = {C45E30D1-33C8-47A4-8B4B-A4285F9D6927}
	EndProjectSection
EndProject
Project("{8BC9CEB8-8B4A-11D0-8D11-00A0C91BC942}") = "libmpeg", "..\ireader\libmpeg\libmpeg.vcxproj", "{D4FD8942-4634-4598-B1C0-55D61815A9E8}"
EndProject
Project("{2150E333-8FDC-42A3-9474-1A3956D46DE8}") = "ireader", "ireader", "{746971E4-9A58-4ADC-BB57-5890339C7C60}"
EndProject
Project("{8BC9CEB8-8B4A-11D0-8D11-00A0C91BC942}") = "librtp", "..\ireader\librtp\librtp.vcxproj", "{B6A95553-A736-4083-8B96-C5F845FA8C6D}"
EndProject
Project("{8BC9CEB8-8B4A-11D0-8D11-00A0C91BC942}") = "GBStreamSender", "..\GBStreamSender\GBStreamSender.vcxproj", "{E4656C6A-CB8D-452C-9D9E-2B40F4F8AE78}"
EndProject
Project("{2150E333-8FDC-42A3-9474-1A3956D46DE8}") = "Base", "Base", "{B0791C4D-D9B7-4300-B838-66203C257975}"
EndProject
Project("{8BC9CEB8-8B4A-11D0-8D11-00A0C91BC942}") = "ZDBaseLib", "..\Base\ZDBaseLib\ZDBaseLib.vcxproj", "{1DB781D7-CD03-48D2-9D9C-29567919B1B1}"
EndProject
Project("{8BC9CEB8-8B4A-11D0-8D11-00A0C91BC942}") = "testZDBaseLib", "..\Base\testZDBaseLib\testZDBaseLib.vcxproj", "{0B1BC6FA-8CBC-49C1-BE71-5C4B406EA9F0}"
EndProject
Project("{8BC9CEB8-8B4A-11D0-8D11-00A0C91BC942}") = "RtspStreamReceiver", "..\RtspStreamReceiver\RtspStreamReceiver.vcxproj", "{8F3E2DBD-6F9E-456D-A4FB-1AF9933A6765}"
EndProject
Project("{8BC9CEB8-8B4A-11D0-8D11-00A0C91BC942}") = "librtsp", "..\ireader\librtsp\librtsp.vcxproj", "{C34CC56F-34FE-4D93-8582-5853B05442EA}"
EndProject
Global
	GlobalSection(SolutionConfigurationPlatforms) = preSolution
		Debug|Win32 = Debug|Win32
		Debug|x64 = Debug|x64
		Debug|x86 = Debug|x86
		MinSizeRel|Win32 = MinSizeRel|Win32
		MinSizeRel|x64 = MinSizeRel|x64
		MinSizeRel|x86 = MinSizeRel|x86
		Release|Win32 = Release|Win32
		Release|x64 = Release|x64
		Release|x86 = Release|x86
		RelWithDebInfo|Win32 = RelWithDebInfo|Win32
		RelWithDebInfo|x64 = RelWithDebInfo|x64
		RelWithDebInfo|x86 = RelWithDebInfo|x86
	EndGlobalSection
	GlobalSection(ProjectConfigurationPlatforms) = postSolution
		{C181263A-F2ED-4E10-BFCA-EA69901B7429}.Debug|Win32.ActiveCfg = Debug|Win32
		{C181263A-F2ED-4E10-BFCA-EA69901B7429}.Debug|Win32.Build.0 = Debug|Win32
		{C181263A-F2ED-4E10-BFCA-EA69901B7429}.Debug|x64.ActiveCfg = Debug|x64
		{C181263A-F2ED-4E10-BFCA-EA69901B7429}.Debug|x64.Build.0 = Debug|x64
		{C181263A-F2ED-4E10-BFCA-EA69901B7429}.Debug|x86.ActiveCfg = Debug|x64
		{C181263A-F2ED-4E10-BFCA-EA69901B7429}.MinSizeRel|Win32.ActiveCfg = Release|Win32
		{C181263A-F2ED-4E10-BFCA-EA69901B7429}.MinSizeRel|Win32.Build.0 = Release|Win32
		{C181263A-F2ED-4E10-BFCA-EA69901B7429}.MinSizeRel|x64.ActiveCfg = Release|x64
		{C181263A-F2ED-4E10-BFCA-EA69901B7429}.MinSizeRel|x64.Build.0 = Release|x64
		{C181263A-F2ED-4E10-BFCA-EA69901B7429}.MinSizeRel|x86.ActiveCfg = Release|Win32
		{C181263A-F2ED-4E10-BFCA-EA69901B7429}.MinSizeRel|x86.Build.0 = Release|Win32
		{C181263A-F2ED-4E10-BFCA-EA69901B7429}.Release|Win32.ActiveCfg = Release|Win32
		{C181263A-F2ED-4E10-BFCA-EA69901B7429}.Release|Win32.Build.0 = Release|Win32
		{C181263A-F2ED-4E10-BFCA-EA69901B7429}.Release|x64.ActiveCfg = Release|x64
		{C181263A-F2ED-4E10-BFCA-EA69901B7429}.Release|x64.Build.0 = Release|x64
		{C181263A-F2ED-4E10-BFCA-EA69901B7429}.Release|x86.ActiveCfg = Release|x64
		{C181263A-F2ED-4E10-BFCA-EA69901B7429}.RelWithDebInfo|Win32.ActiveCfg = Release|Win32
		{C181263A-F2ED-4E10-BFCA-EA69901B7429}.RelWithDebInfo|Win32.Build.0 = Release|Win32
		{C181263A-F2ED-4E10-BFCA-EA69901B7429}.RelWithDebInfo|x64.ActiveCfg = Release|x64
		{C181263A-F2ED-4E10-BFCA-EA69901B7429}.RelWithDebInfo|x64.Build.0 = Release|x64
		{C181263A-F2ED-4E10-BFCA-EA69901B7429}.RelWithDebInfo|x86.ActiveCfg = Release|Win32
		{C181263A-F2ED-4E10-BFCA-EA69901B7429}.RelWithDebInfo|x86.Build.0 = Release|Win32
		{980BDDBC-D076-4D0D-A1BB-22A528C669E8}.Debug|Win32.ActiveCfg = Debug|Win32
		{980BDDBC-D076-4D0D-A1BB-22A528C669E8}.Debug|Win32.Build.0 = Debug|Win32
		{980BDDBC-D076-4D0D-A1BB-22A528C669E8}.Debug|x64.ActiveCfg = Debug|x64
		{980BDDBC-D076-4D0D-A1BB-22A528C669E8}.Debug|x64.Build.0 = Debug|x64
		{980BDDBC-D076-4D0D-A1BB-22A528C669E8}.Debug|x86.ActiveCfg = Debug|Win32
		{980BDDBC-D076-4D0D-A1BB-22A528C669E8}.Debug|x86.Build.0 = Debug|Win32
		{980BDDBC-D076-4D0D-A1BB-22A528C669E8}.MinSizeRel|Win32.ActiveCfg = Release|Win32
		{980BDDBC-D076-4D0D-A1BB-22A528C669E8}.MinSizeRel|Win32.Build.0 = Release|Win32
		{980BDDBC-D076-4D0D-A1BB-22A528C669E8}.MinSizeRel|x64.ActiveCfg = Release|x64
		{980BDDBC-D076-4D0D-A1BB-22A528C669E8}.MinSizeRel|x64.Build.0 = Release|x64
		{980BDDBC-D076-4D0D-A1BB-22A528C669E8}.MinSizeRel|x86.ActiveCfg = Release|Win32
		{980BDDBC-D076-4D0D-A1BB-22A528C669E8}.MinSizeRel|x86.Build.0 = Release|Win32
		{980BDDBC-D076-4D0D-A1BB-22A528C669E8}.Release|Win32.ActiveCfg = Release|Win32
		{980BDDBC-D076-4D0D-A1BB-22A528C669E8}.Release|Win32.Build.0 = Release|Win32
		{980BDDBC-D076-4D0D-A1BB-22A528C669E8}.Release|x64.ActiveCfg = Release|x64
		{980BDDBC-D076-4D0D-A1BB-22A528C669E8}.Release|x64.Build.0 = Release|x64
		{980BDDBC-D076-4D0D-A1BB-22A528C669E8}.Release|x86.ActiveCfg = Release|Win32
		{980BDDBC-D076-4D0D-A1BB-22A528C669E8}.Release|x86.Build.0 = Release|Win32
		{980BDDBC-D076-4D0D-A1BB-22A528C669E8}.RelWithDebInfo|Win32.ActiveCfg = Release|Win32
		{980BDDBC-D076-4D0D-A1BB-22A528C669E8}.RelWithDebInfo|Win32.Build.0 = Release|Win32
		{980BDDBC-D076-4D0D-A1BB-22A528C669E8}.RelWithDebInfo|x64.ActiveCfg = Release|x64
		{980BDDBC-D076-4D0D-A1BB-22A528C669E8}.RelWithDebInfo|x64.Build.0 = Release|x64
		{980BDDBC-D076-4D0D-A1BB-22A528C669E8}.RelWithDebInfo|x86.ActiveCfg = Release|Win32
		{980BDDBC-D076-4D0D-A1BB-22A528C669E8}.RelWithDebInfo|x86.Build.0 = Release|Win32
		{6480D39A-D786-4C7A-8255-AEAC86E3F60C}.Debug|Win32.ActiveCfg = Debug|Win32
		{6480D39A-D786-4C7A-8255-AEAC86E3F60C}.Debug|Win32.Build.0 = Debug|Win32
		{6480D39A-D786-4C7A-8255-AEAC86E3F60C}.Debug|x64.ActiveCfg = Debug|x64
		{6480D39A-D786-4C7A-8255-AEAC86E3F60C}.Debug|x64.Build.0 = Debug|x64
		{6480D39A-D786-4C7A-8255-AEAC86E3F60C}.Debug|x86.ActiveCfg = Debug|Win32
		{6480D39A-D786-4C7A-8255-AEAC86E3F60C}.Debug|x86.Build.0 = Debug|Win32
		{6480D39A-D786-4C7A-8255-AEAC86E3F60C}.MinSizeRel|Win32.ActiveCfg = Release|Win32
		{6480D39A-D786-4C7A-8255-AEAC86E3F60C}.MinSizeRel|Win32.Build.0 = Release|Win32
		{6480D39A-D786-4C7A-8255-AEAC86E3F60C}.MinSizeRel|x64.ActiveCfg = Release|x64
		{6480D39A-D786-4C7A-8255-AEAC86E3F60C}.MinSizeRel|x64.Build.0 = Release|x64
		{6480D39A-D786-4C7A-8255-AEAC86E3F60C}.MinSizeRel|x86.ActiveCfg = Release|Win32
		{6480D39A-D786-4C7A-8255-AEAC86E3F60C}.MinSizeRel|x86.Build.0 = Release|Win32
		{6480D39A-D786-4C7A-8255-AEAC86E3F60C}.Release|Win32.ActiveCfg = Release|Win32
		{6480D39A-D786-4C7A-8255-AEAC86E3F60C}.Release|Win32.Build.0 = Release|Win32
		{6480D39A-D786-4C7A-8255-AEAC86E3F60C}.Release|x64.ActiveCfg = Release|x64
		{6480D39A-D786-4C7A-8255-AEAC86E3F60C}.Release|x64.Build.0 = Release|x64
		{6480D39A-D786-4C7A-8255-AEAC86E3F60C}.Release|x86.ActiveCfg = Release|Win32
		{6480D39A-D786-4C7A-8255-AEAC86E3F60C}.Release|x86.Build.0 = Release|Win32
		{6480D39A-D786-4C7A-8255-AEAC86E3F60C}.RelWithDebInfo|Win32.ActiveCfg = Release|Win32
		{6480D39A-D786-4C7A-8255-AEAC86E3F60C}.RelWithDebInfo|Win32.Build.0 = Release|Win32
		{6480D39A-D786-4C7A-8255-AEAC86E3F60C}.RelWithDebInfo|x64.ActiveCfg = Release|x64
		{6480D39A-D786-4C7A-8255-AEAC86E3F60C}.RelWithDebInfo|x64.Build.0 = Release|x64
		{6480D39A-D786-4C7A-8255-AEAC86E3F60C}.RelWithDebInfo|x86.ActiveCfg = Release|Win32
		{6480D39A-D786-4C7A-8255-AEAC86E3F60C}.RelWithDebInfo|x86.Build.0 = Release|Win32
		{3A314DC3-17EC-464A-A38A-215BB7900595}.Debug|Win32.ActiveCfg = Debug|Win32
		{3A314DC3-17EC-464A-A38A-215BB7900595}.Debug|Win32.Build.0 = Debug|Win32
		{3A314DC3-17EC-464A-A38A-215BB7900595}.Debug|x64.ActiveCfg = Debug|x64
		{3A314DC3-17EC-464A-A38A-215BB7900595}.Debug|x64.Build.0 = Debug|x64
		{3A314DC3-17EC-464A-A38A-215BB7900595}.Debug|x86.ActiveCfg = Debug|Win32
		{3A314DC3-17EC-464A-A38A-215BB7900595}.Debug|x86.Build.0 = Debug|Win32
		{3A314DC3-17EC-464A-A38A-215BB7900595}.MinSizeRel|Win32.ActiveCfg = Release|Win32
		{3A314DC3-17EC-464A-A38A-215BB7900595}.MinSizeRel|Win32.Build.0 = Release|Win32
		{3A314DC3-17EC-464A-A38A-215BB7900595}.MinSizeRel|x64.ActiveCfg = Release|x64
		{3A314DC3-17EC-464A-A38A-215BB7900595}.MinSizeRel|x64.Build.0 = Release|x64
		{3A314DC3-17EC-464A-A38A-215BB7900595}.MinSizeRel|x86.ActiveCfg = Release|Win32
		{3A314DC3-17EC-464A-A38A-215BB7900595}.MinSizeRel|x86.Build.0 = Release|Win32
		{3A314DC3-17EC-464A-A38A-215BB7900595}.Release|Win32.ActiveCfg = Release|Win32
		{3A314DC3-17EC-464A-A38A-215BB7900595}.Release|Win32.Build.0 = Release|Win32
		{3A314DC3-17EC-464A-A38A-215BB7900595}.Release|x64.ActiveCfg = Release|x64
		{3A314DC3-17EC-464A-A38A-215BB7900595}.Release|x64.Build.0 = Release|x64
		{3A314DC3-17EC-464A-A38A-215BB7900595}.Release|x86.ActiveCfg = Release|Win32
		{3A314DC3-17EC-464A-A38A-215BB7900595}.Release|x86.Build.0 = Release|Win32
		{3A314DC3-17EC-464A-A38A-215BB7900595}.RelWithDebInfo|Win32.ActiveCfg = Release|Win32
		{3A314DC3-17EC-464A-A38A-215BB7900595}.RelWithDebInfo|Win32.Build.0 = Release|Win32
		{3A314DC3-17EC-464A-A38A-215BB7900595}.RelWithDebInfo|x64.ActiveCfg = Release|x64
		{3A314DC3-17EC-464A-A38A-215BB7900595}.RelWithDebInfo|x64.Build.0 = Release|x64
		{3A314DC3-17EC-464A-A38A-215BB7900595}.RelWithDebInfo|x86.ActiveCfg = Release|Win32
		{3A314DC3-17EC-464A-A38A-215BB7900595}.RelWithDebInfo|x86.Build.0 = Release|Win32
		{C45E30D1-33C8-47A4-8B4B-A4285F9D6927}.Debug|Win32.ActiveCfg = Debug|Win32
		{C45E30D1-33C8-47A4-8B4B-A4285F9D6927}.Debug|Win32.Build.0 = Debug|Win32
		{C45E30D1-33C8-47A4-8B4B-A4285F9D6927}.Debug|x64.ActiveCfg = Debug|x64
		{C45E30D1-33C8-47A4-8B4B-A4285F9D6927}.Debug|x64.Build.0 = Debug|x64
		{C45E30D1-33C8-47A4-8B4B-A4285F9D6927}.Debug|x86.ActiveCfg = Debug|Win32
		{C45E30D1-33C8-47A4-8B4B-A4285F9D6927}.Debug|x86.Build.0 = Debug|Win32
		{C45E30D1-33C8-47A4-8B4B-A4285F9D6927}.MinSizeRel|Win32.ActiveCfg = Debug|Win32
		{C45E30D1-33C8-47A4-8B4B-A4285F9D6927}.MinSizeRel|Win32.Build.0 = Debug|Win32
		{C45E30D1-33C8-47A4-8B4B-A4285F9D6927}.MinSizeRel|x64.ActiveCfg = Debug|x64
		{C45E30D1-33C8-47A4-8B4B-A4285F9D6927}.MinSizeRel|x64.Build.0 = Debug|x64
		{C45E30D1-33C8-47A4-8B4B-A4285F9D6927}.MinSizeRel|x86.ActiveCfg = Debug|Win32
		{C45E30D1-33C8-47A4-8B4B-A4285F9D6927}.MinSizeRel|x86.Build.0 = Debug|Win32
		{C45E30D1-33C8-47A4-8B4B-A4285F9D6927}.Release|Win32.ActiveCfg = Release|Win32
		{C45E30D1-33C8-47A4-8B4B-A4285F9D6927}.Release|Win32.Build.0 = Release|Win32
		{C45E30D1-33C8-47A4-8B4B-A4285F9D6927}.Release|x64.ActiveCfg = Release|x64
		{C45E30D1-33C8-47A4-8B4B-A4285F9D6927}.Release|x64.Build.0 = Release|x64
		{C45E30D1-33C8-47A4-8B4B-A4285F9D6927}.Release|x86.ActiveCfg = Release|Win32
		{C45E30D1-33C8-47A4-8B4B-A4285F9D6927}.Release|x86.Build.0 = Release|Win32
		{C45E30D1-33C8-47A4-8B4B-A4285F9D6927}.RelWithDebInfo|Win32.ActiveCfg = Release|Win32
		{C45E30D1-33C8-47A4-8B4B-A4285F9D6927}.RelWithDebInfo|Win32.Build.0 = Release|Win32
		{C45E30D1-33C8-47A4-8B4B-A4285F9D6927}.RelWithDebInfo|x64.ActiveCfg = Release|x64
		{C45E30D1-33C8-47A4-8B4B-A4285F9D6927}.RelWithDebInfo|x64.Build.0 = Release|x64
		{C45E30D1-33C8-47A4-8B4B-A4285F9D6927}.RelWithDebInfo|x86.ActiveCfg = Release|Win32
		{C45E30D1-33C8-47A4-8B4B-A4285F9D6927}.RelWithDebInfo|x86.Build.0 = Release|Win32
		{54E8E158-C31B-4D62-B0B2-49F9207E9955}.Debug|Win32.ActiveCfg = Debug|Win32
		{54E8E158-C31B-4D62-B0B2-49F9207E9955}.Debug|Win32.Build.0 = Debug|Win32
		{54E8E158-C31B-4D62-B0B2-49F9207E9955}.Debug|x64.ActiveCfg = Debug|x64
		{54E8E158-C31B-4D62-B0B2-49F9207E9955}.Debug|x64.Build.0 = Debug|x64
		{54E8E158-C31B-4D62-B0B2-49F9207E9955}.Debug|x86.ActiveCfg = Debug|Win32
		{54E8E158-C31B-4D62-B0B2-49F9207E9955}.Debug|x86.Build.0 = Debug|Win32
		{54E8E158-C31B-4D62-B0B2-49F9207E9955}.MinSizeRel|Win32.ActiveCfg = Debug|Win32
		{54E8E158-C31B-4D62-B0B2-49F9207E9955}.MinSizeRel|Win32.Build.0 = Debug|Win32
		{54E8E158-C31B-4D62-B0B2-49F9207E9955}.MinSizeRel|x64.ActiveCfg = Debug|x64
		{54E8E158-C31B-4D62-B0B2-49F9207E9955}.MinSizeRel|x64.Build.0 = Debug|x64
		{54E8E158-C31B-4D62-B0B2-49F9207E9955}.MinSizeRel|x86.ActiveCfg = Debug|Win32
		{54E8E158-C31B-4D62-B0B2-49F9207E9955}.MinSizeRel|x86.Build.0 = Debug|Win32
		{54E8E158-C31B-4D62-B0B2-49F9207E9955}.Release|Win32.ActiveCfg = Release|Win32
		{54E8E158-C31B-4D62-B0B2-49F9207E9955}.Release|Win32.Build.0 = Release|Win32
		{54E8E158-C31B-4D62-B0B2-49F9207E9955}.Release|x64.ActiveCfg = Release|x64
		{54E8E158-C31B-4D62-B0B2-49F9207E9955}.Release|x64.Build.0 = Release|x64
		{54E8E158-C31B-4D62-B0B2-49F9207E9955}.Release|x86.ActiveCfg = Release|Win32
		{54E8E158-C31B-4D62-B0B2-49F9207E9955}.Release|x86.Build.0 = Release|Win32
		{54E8E158-C31B-4D62-B0B2-49F9207E9955}.RelWithDebInfo|Win32.ActiveCfg = Release|Win32
		{54E8E158-C31B-4D62-B0B2-49F9207E9955}.RelWithDebInfo|Win32.Build.0 = Release|Win32
		{54E8E158-C31B-4D62-B0B2-49F9207E9955}.RelWithDebInfo|x64.ActiveCfg = Release|x64
		{54E8E158-C31B-4D62-B0B2-49F9207E9955}.RelWithDebInfo|x64.Build.0 = Release|x64
		{54E8E158-C31B-4D62-B0B2-49F9207E9955}.RelWithDebInfo|x86.ActiveCfg = Release|Win32
		{54E8E158-C31B-4D62-B0B2-49F9207E9955}.RelWithDebInfo|x86.Build.0 = Release|Win32
		{3D224576-94CD-47C0-8F98-386BFD6404CF}.Debug|Win32.ActiveCfg = Debug|Win32
		{3D224576-94CD-47C0-8F98-386BFD6404CF}.Debug|Win32.Build.0 = Debug|Win32
		{3D224576-94CD-47C0-8F98-386BFD6404CF}.Debug|x64.ActiveCfg = Debug|x64
		{3D224576-94CD-47C0-8F98-386BFD6404CF}.Debug|x64.Build.0 = Debug|x64
		{3D224576-94CD-47C0-8F98-386BFD6404CF}.Debug|x86.ActiveCfg = Debug|Win32
		{3D224576-94CD-47C0-8F98-386BFD6404CF}.Debug|x86.Build.0 = Debug|Win32
		{3D224576-94CD-47C0-8F98-386BFD6404CF}.MinSizeRel|Win32.ActiveCfg = Debug|Win32
		{3D224576-94CD-47C0-8F98-386BFD6404CF}.MinSizeRel|Win32.Build.0 = Debug|Win32
		{3D224576-94CD-47C0-8F98-386BFD6404CF}.MinSizeRel|x64.ActiveCfg = Debug|x64
		{3D224576-94CD-47C0-8F98-386BFD6404CF}.MinSizeRel|x64.Build.0 = Debug|x64
		{3D224576-94CD-47C0-8F98-386BFD6404CF}.MinSizeRel|x86.ActiveCfg = Debug|Win32
		{3D224576-94CD-47C0-8F98-386BFD6404CF}.MinSizeRel|x86.Build.0 = Debug|Win32
		{3D224576-94CD-47C0-8F98-386BFD6404CF}.Release|Win32.ActiveCfg = Release|Win32
		{3D224576-94CD-47C0-8F98-386BFD6404CF}.Release|Win32.Build.0 = Release|Win32
		{3D224576-94CD-47C0-8F98-386BFD6404CF}.Release|x64.ActiveCfg = Release|x64
		{3D224576-94CD-47C0-8F98-386BFD6404CF}.Release|x64.Build.0 = Release|x64
		{3D224576-94CD-47C0-8F98-386BFD6404CF}.Release|x86.ActiveCfg = Release|Win32
		{3D224576-94CD-47C0-8F98-386BFD6404CF}.Release|x86.Build.0 = Release|Win32
		{3D224576-94CD-47C0-8F98-386BFD6404CF}.RelWithDebInfo|Win32.ActiveCfg = Release|Win32
		{3D224576-94CD-47C0-8F98-386BFD6404CF}.RelWithDebInfo|Win32.Build.0 = Release|Win32
		{3D224576-94CD-47C0-8F98-386BFD6404CF}.RelWithDebInfo|x64.ActiveCfg = Release|x64
		{3D224576-94CD-47C0-8F98-386BFD6404CF}.RelWithDebInfo|x64.Build.0 = Release|x64
		{3D224576-94CD-47C0-8F98-386BFD6404CF}.RelWithDebInfo|x86.ActiveCfg = Release|Win32
		{3D224576-94CD-47C0-8F98-386BFD6404CF}.RelWithDebInfo|x86.Build.0 = Release|Win32
		{D4FD8942-4634-4598-B1C0-55D61815A9E8}.Debug|Win32.ActiveCfg = Debug|Win32
		{D4FD8942-4634-4598-B1C0-55D61815A9E8}.Debug|Win32.Build.0 = Debug|Win32
		{D4FD8942-4634-4598-B1C0-55D61815A9E8}.Debug|x64.ActiveCfg = Debug|x64
		{D4FD8942-4634-4598-B1C0-55D61815A9E8}.Debug|x64.Build.0 = Debug|x64
		{D4FD8942-4634-4598-B1C0-55D61815A9E8}.Debug|x86.ActiveCfg = Debug|Win32
		{D4FD8942-4634-4598-B1C0-55D61815A9E8}.Debug|x86.Build.0 = Debug|Win32
		{D4FD8942-4634-4598-B1C0-55D61815A9E8}.MinSizeRel|Win32.ActiveCfg = Debug|Win32
		{D4FD8942-4634-4598-B1C0-55D61815A9E8}.MinSizeRel|Win32.Build.0 = Debug|Win32
		{D4FD8942-4634-4598-B1C0-55D61815A9E8}.MinSizeRel|x64.ActiveCfg = Debug|x64
		{D4FD8942-4634-4598-B1C0-55D61815A9E8}.MinSizeRel|x64.Build.0 = Debug|x64
		{D4FD8942-4634-4598-B1C0-55D61815A9E8}.MinSizeRel|x86.ActiveCfg = Debug|Win32
		{D4FD8942-4634-4598-B1C0-55D61815A9E8}.MinSizeRel|x86.Build.0 = Debug|Win32
		{D4FD8942-4634-4598-B1C0-55D61815A9E8}.Release|Win32.ActiveCfg = Release|Win32
		{D4FD8942-4634-4598-B1C0-55D61815A9E8}.Release|Win32.Build.0 = Release|Win32
		{D4FD8942-4634-4598-B1C0-55D61815A9E8}.Release|x64.ActiveCfg = Release|x64
		{D4FD8942-4634-4598-B1C0-55D61815A9E8}.Release|x64.Build.0 = Release|x64
		{D4FD8942-4634-4598-B1C0-55D61815A9E8}.Release|x86.ActiveCfg = Release|Win32
		{D4FD8942-4634-4598-B1C0-55D61815A9E8}.Release|x86.Build.0 = Release|Win32
		{D4FD8942-4634-4598-B1C0-55D61815A9E8}.RelWithDebInfo|Win32.ActiveCfg = Release|Win32
		{D4FD8942-4634-4598-B1C0-55D61815A9E8}.RelWithDebInfo|Win32.Build.0 = Release|Win32
		{D4FD8942-4634-4598-B1C0-55D61815A9E8}.RelWithDebInfo|x64.ActiveCfg = Release|x64
		{D4FD8942-4634-4598-B1C0-55D61815A9E8}.RelWithDebInfo|x64.Build.0 = Release|x64
		{D4FD8942-4634-4598-B1C0-55D61815A9E8}.RelWithDebInfo|x86.ActiveCfg = Release|Win32
		{D4FD8942-4634-4598-B1C0-55D61815A9E8}.RelWithDebInfo|x86.Build.0 = Release|Win32
		{B6A95553-A736-4083-8B96-C5F845FA8C6D}.Debug|Win32.ActiveCfg = Debug|Win32
		{B6A95553-A736-4083-8B96-C5F845FA8C6D}.Debug|Win32.Build.0 = Debug|Win32
		{B6A95553-A736-4083-8B96-C5F845FA8C6D}.Debug|x64.ActiveCfg = Debug|x64
		{B6A95553-A736-4083-8B96-C5F845FA8C6D}.Debug|x64.Build.0 = Debug|x64
		{B6A95553-A736-4083-8B96-C5F845FA8C6D}.Debug|x86.ActiveCfg = Debug|Win32
		{B6A95553-A736-4083-8B96-C5F845FA8C6D}.Debug|x86.Build.0 = Debug|Win32
		{B6A95553-A736-4083-8B96-C5F845FA8C6D}.MinSizeRel|Win32.ActiveCfg = Debug|Win32
		{B6A95553-A736-4083-8B96-C5F845FA8C6D}.MinSizeRel|Win32.Build.0 = Debug|Win32
		{B6A95553-A736-4083-8B96-C5F845FA8C6D}.MinSizeRel|x64.ActiveCfg = Debug|x64
		{B6A95553-A736-4083-8B96-C5F845FA8C6D}.MinSizeRel|x64.Build.0 = Debug|x64
		{B6A95553-A736-4083-8B96-C5F845FA8C6D}.MinSizeRel|x86.ActiveCfg = Debug|Win32
		{B6A95553-A736-4083-8B96-C5F845FA8C6D}.MinSizeRel|x86.Build.0 = Debug|Win32
		{B6A95553-A736-4083-8B96-C5F845FA8C6D}.Release|Win32.ActiveCfg = Release|Win32
		{B6A95553-A736-4083-8B96-C5F845FA8C6D}.Release|Win32.Build.0 = Release|Win32
		{B6A95553-A736-4083-8B96-C5F845FA8C6D}.Release|x64.ActiveCfg = Release|x64
		{B6A95553-A736-4083-8B96-C5F845FA8C6D}.Release|x64.Build.0 = Release|x64
		{B6A95553-A736-4083-8B96-C5F845FA8C6D}.Release|x86.ActiveCfg = Release|Win32
		{B6A95553-A736-4083-8B96-C5F845FA8C6D}.Release|x86.Build.0 = Release|Win32
		{B6A95553-A736-4083-8B96-C5F845FA8C6D}.RelWithDebInfo|Win32.ActiveCfg = Release|Win32
		{B6A95553-A736-4083-8B96-C5F845FA8C6D}.RelWithDebInfo|Win32.Build.0 = Release|Win32
		{B6A95553-A736-4083-8B96-C5F845FA8C6D}.RelWithDebInfo|x64.ActiveCfg = Release|x64
		{B6A95553-A736-4083-8B96-C5F845FA8C6D}.RelWithDebInfo|x64.Build.0 = Release|x64
		{B6A95553-A736-4083-8B96-C5F845FA8C6D}.RelWithDebInfo|x86.ActiveCfg = Release|Win32
		{B6A95553-A736-4083-8B96-C5F845FA8C6D}.RelWithDebInfo|x86.Build.0 = Release|Win32
		{E4656C6A-CB8D-452C-9D9E-2B40F4F8AE78}.Debug|Win32.ActiveCfg = Debug|Win32
		{E4656C6A-CB8D-452C-9D9E-2B40F4F8AE78}.Debug|Win32.Build.0 = Debug|Win32
		{E4656C6A-CB8D-452C-9D9E-2B40F4F8AE78}.Debug|x64.ActiveCfg = Debug|x64
		{E4656C6A-CB8D-452C-9D9E-2B40F4F8AE78}.Debug|x64.Build.0 = Debug|x64
		{E4656C6A-CB8D-452C-9D9E-2B40F4F8AE78}.Debug|x86.ActiveCfg = Debug|Win32
		{E4656C6A-CB8D-452C-9D9E-2B40F4F8AE78}.Debug|x86.Build.0 = Debug|Win32
		{E4656C6A-CB8D-452C-9D9E-2B40F4F8AE78}.MinSizeRel|Win32.ActiveCfg = Debug|Win32
		{E4656C6A-CB8D-452C-9D9E-2B40F4F8AE78}.MinSizeRel|Win32.Build.0 = Debug|Win32
		{E4656C6A-CB8D-452C-9D9E-2B40F4F8AE78}.MinSizeRel|x64.ActiveCfg = Debug|x64
		{E4656C6A-CB8D-452C-9D9E-2B40F4F8AE78}.MinSizeRel|x64.Build.0 = Debug|x64
		{E4656C6A-CB8D-452C-9D9E-2B40F4F8AE78}.MinSizeRel|x86.ActiveCfg = Debug|Win32
		{E4656C6A-CB8D-452C-9D9E-2B40F4F8AE78}.MinSizeRel|x86.Build.0 = Debug|Win32
		{E4656C6A-CB8D-452C-9D9E-2B40F4F8AE78}.Release|Win32.ActiveCfg = Release|Win32
		{E4656C6A-CB8D-452C-9D9E-2B40F4F8AE78}.Release|Win32.Build.0 = Release|Win32
		{E4656C6A-CB8D-452C-9D9E-2B40F4F8AE78}.Release|x64.ActiveCfg = Release|x64
		{E4656C6A-CB8D-452C-9D9E-2B40F4F8AE78}.Release|x64.Build.0 = Release|x64
		{E4656C6A-CB8D-452C-9D9E-2B40F4F8AE78}.Release|x86.ActiveCfg = Release|Win32
		{E4656C6A-CB8D-452C-9D9E-2B40F4F8AE78}.Release|x86.Build.0 = Release|Win32
		{E4656C6A-CB8D-452C-9D9E-2B40F4F8AE78}.RelWithDebInfo|Win32.ActiveCfg = Release|Win32
		{E4656C6A-CB8D-452C-9D9E-2B40F4F8AE78}.RelWithDebInfo|Win32.Build.0 = Release|Win32
		{E4656C6A-CB8D-452C-9D9E-2B40F4F8AE78}.RelWithDebInfo|x64.ActiveCfg = Release|x64
		{E4656C6A-CB8D-452C-9D9E-2B40F4F8AE78}.RelWithDebInfo|x64.Build.0 = Release|x64
		{E4656C6A-CB8D-452C-9D9E-2B40F4F8AE78}.RelWithDebInfo|x86.ActiveCfg = Release|Win32
		{E4656C6A-CB8D-452C-9D9E-2B40F4F8AE78}.RelWithDebInfo|x86.Build.0 = Release|Win32
		{1DB781D7-CD03-48D2-9D9C-29567919B1B1}.Debug|Win32.ActiveCfg = Debug|Win32
		{1DB781D7-CD03-48D2-9D9C-29567919B1B1}.Debug|Win32.Build.0 = Debug|Win32
		{1DB781D7-CD03-48D2-9D9C-29567919B1B1}.Debug|x64.ActiveCfg = Debug|x64
		{1DB781D7-CD03-48D2-9D9C-29567919B1B1}.Debug|x64.Build.0 = Debug|x64
		{1DB781D7-CD03-48D2-9D9C-29567919B1B1}.Debug|x86.ActiveCfg = Debug|Win32
		{1DB781D7-CD03-48D2-9D9C-29567919B1B1}.Debug|x86.Build.0 = Debug|Win32
		{1DB781D7-CD03-48D2-9D9C-29567919B1B1}.MinSizeRel|Win32.ActiveCfg = Debug|Win32
		{1DB781D7-CD03-48D2-9D9C-29567919B1B1}.MinSizeRel|Win32.Build.0 = Debug|Win32
		{1DB781D7-CD03-48D2-9D9C-29567919B1B1}.MinSizeRel|x64.ActiveCfg = Debug|x64
		{1DB781D7-CD03-48D2-9D9C-29567919B1B1}.MinSizeRel|x64.Build.0 = Debug|x64
		{1DB781D7-CD03-48D2-9D9C-29567919B1B1}.MinSizeRel|x86.ActiveCfg = Debug|Win32
		{1DB781D7-CD03-48D2-9D9C-29567919B1B1}.MinSizeRel|x86.Build.0 = Debug|Win32
		{1DB781D7-CD03-48D2-9D9C-29567919B1B1}.Release|Win32.ActiveCfg = Release|Win32
		{1DB781D7-CD03-48D2-9D9C-29567919B1B1}.Release|Win32.Build.0 = Release|Win32
		{1DB781D7-CD03-48D2-9D9C-29567919B1B1}.Release|x64.ActiveCfg = Release|x64
		{1DB781D7-CD03-48D2-9D9C-29567919B1B1}.Release|x64.Build.0 = Release|x64
		{1DB781D7-CD03-48D2-9D9C-29567919B1B1}.Release|x86.ActiveCfg = Release|Win32
		{1DB781D7-CD03-48D2-9D9C-29567919B1B1}.Release|x86.Build.0 = Release|Win32
		{1DB781D7-CD03-48D2-9D9C-29567919B1B1}.RelWithDebInfo|Win32.ActiveCfg = Release|Win32
		{1DB781D7-CD03-48D2-9D9C-29567919B1B1}.RelWithDebInfo|Win32.Build.0 = Release|Win32
		{1DB781D7-CD03-48D2-9D9C-29567919B1B1}.RelWithDebInfo|x64.ActiveCfg = Release|x64
		{1DB781D7-CD03-48D2-9D9C-29567919B1B1}.RelWithDebInfo|x64.Build.0 = Release|x64
		{1DB781D7-CD03-48D2-9D9C-29567919B1B1}.RelWithDebInfo|x86.ActiveCfg = Release|Win32
		{1DB781D7-CD03-48D2-9D9C-29567919B1B1}.RelWithDebInfo|x86.Build.0 = Release|Win32
		{0B1BC6FA-8CBC-49C1-BE71-5C4B406EA9F0}.Debug|Win32.ActiveCfg = Debug|Win32
		{0B1BC6FA-8CBC-49C1-BE71-5C4B406EA9F0}.Debug|Win32.Build.0 = Debug|Win32
		{0B1BC6FA-8CBC-49C1-BE71-5C4B406EA9F0}.Debug|x64.ActiveCfg = Debug|x64
		{0B1BC6FA-8CBC-49C1-BE71-5C4B406EA9F0}.Debug|x64.Build.0 = Debug|x64
		{0B1BC6FA-8CBC-49C1-BE71-5C4B406EA9F0}.Debug|x86.ActiveCfg = Debug|Win32
		{0B1BC6FA-8CBC-49C1-BE71-5C4B406EA9F0}.Debug|x86.Build.0 = Debug|Win32
		{0B1BC6FA-8CBC-49C1-BE71-5C4B406EA9F0}.MinSizeRel|Win32.ActiveCfg = Debug|Win32
		{0B1BC6FA-8CBC-49C1-BE71-5C4B406EA9F0}.MinSizeRel|Win32.Build.0 = Debug|Win32
		{0B1BC6FA-8CBC-49C1-BE71-5C4B406EA9F0}.MinSizeRel|x64.ActiveCfg = Debug|x64
		{0B1BC6FA-8CBC-49C1-BE71-5C4B406EA9F0}.MinSizeRel|x64.Build.0 = Debug|x64
		{0B1BC6FA-8CBC-49C1-BE71-5C4B406EA9F0}.MinSizeRel|x86.ActiveCfg = Debug|Win32
		{0B1BC6FA-8CBC-49C1-BE71-5C4B406EA9F0}.MinSizeRel|x86.Build.0 = Debug|Win32
		{0B1BC6FA-8CBC-49C1-BE71-5C4B406EA9F0}.Release|Win32.ActiveCfg = Release|Win32
		{0B1BC6FA-8CBC-49C1-BE71-5C4B406EA9F0}.Release|Win32.Build.0 = Release|Win32
		{0B1BC6FA-8CBC-49C1-BE71-5C4B406EA9F0}.Release|x64.ActiveCfg = Release|x64
		{0B1BC6FA-8CBC-49C1-BE71-5C4B406EA9F0}.Release|x64.Build.0 = Release|x64
		{0B1BC6FA-8CBC-49C1-BE71-5C4B406EA9F0}.Release|x86.ActiveCfg = Release|Win32
		{0B1BC6FA-8CBC-49C1-BE71-5C4B406EA9F0}.Release|x86.Build.0 = Release|Win32
		{0B1BC6FA-8CBC-49C1-BE71-5C4B406EA9F0}.RelWithDebInfo|Win32.ActiveCfg = Release|Win32
		{0B1BC6FA-8CBC-49C1-BE71-5C4B406EA9F0}.RelWithDebInfo|Win32.Build.0 = Release|Win32
		{0B1BC6FA-8CBC-49C1-BE71-5C4B406EA9F0}.RelWithDebInfo|x64.ActiveCfg = Release|x64
		{0B1BC6FA-8CBC-49C1-BE71-5C4B406EA9F0}.RelWithDebInfo|x64.Build.0 = Release|x64
		{0B1BC6FA-8CBC-49C1-BE71-5C4B406EA9F0}.RelWithDebInfo|x86.ActiveCfg = Release|Win32
		{0B1BC6FA-8CBC-49C1-BE71-5C4B406EA9F0}.RelWithDebInfo|x86.Build.0 = Release|Win32
		{8F3E2DBD-6F9E-456D-A4FB-1AF9933A6765}.Debug|Win32.ActiveCfg = Debug|Win32
		{8F3E2DBD-6F9E-456D-A4FB-1AF9933A6765}.Debug|Win32.Build.0 = Debug|Win32
		{8F3E2DBD-6F9E-456D-A4FB-1AF9933A6765}.Debug|x64.ActiveCfg = Debug|x64
		{8F3E2DBD-6F9E-456D-A4FB-1AF9933A6765}.Debug|x64.Build.0 = Debug|x64
		{8F3E2DBD-6F9E-456D-A4FB-1AF9933A6765}.Debug|x86.ActiveCfg = Debug|Win32
		{8F3E2DBD-6F9E-456D-A4FB-1AF9933A6765}.Debug|x86.Build.0 = Debug|Win32
		{8F3E2DBD-6F9E-456D-A4FB-1AF9933A6765}.MinSizeRel|Win32.ActiveCfg = Debug|Win32
		{8F3E2DBD-6F9E-456D-A4FB-1AF9933A6765}.MinSizeRel|Win32.Build.0 = Debug|Win32
		{8F3E2DBD-6F9E-456D-A4FB-1AF9933A6765}.MinSizeRel|x64.ActiveCfg = Debug|x64
		{8F3E2DBD-6F9E-456D-A4FB-1AF9933A6765}.MinSizeRel|x64.Build.0 = Debug|x64
		{8F3E2DBD-6F9E-456D-A4FB-1AF9933A6765}.MinSizeRel|x86.ActiveCfg = Debug|Win32
		{8F3E2DBD-6F9E-456D-A4FB-1AF9933A6765}.MinSizeRel|x86.Build.0 = Debug|Win32
		{8F3E2DBD-6F9E-456D-A4FB-1AF9933A6765}.Release|Win32.ActiveCfg = Release|Win32
		{8F3E2DBD-6F9E-456D-A4FB-1AF9933A6765}.Release|Win32.Build.0 = Release|Win32
		{8F3E2DBD-6F9E-456D-A4FB-1AF9933A6765}.Release|x64.ActiveCfg = Release|x64
		{8F3E2DBD-6F9E-456D-A4FB-1AF9933A6765}.Release|x64.Build.0 = Release|x64
		{8F3E2DBD-6F9E-456D-A4FB-1AF9933A6765}.Release|x86.ActiveCfg = Release|Win32
		{8F3E2DBD-6F9E-456D-A4FB-1AF9933A6765}.Release|x86.Build.0 = Release|Win32
		{8F3E2DBD-6F9E-456D-A4FB-1AF9933A6765}.RelWithDebInfo|Win32.ActiveCfg = Release|Win32
		{8F3E2DBD-6F9E-456D-A4FB-1AF9933A6765}.RelWithDebInfo|Win32.Build.0 = Release|Win32
		{8F3E2DBD-6F9E-456D-A4FB-1AF9933A6765}.RelWithDebInfo|x64.ActiveCfg = Release|x64
		{8F3E2DBD-6F9E-456D-A4FB-1AF9933A6765}.RelWithDebInfo|x64.Build.0 = Release|x64
		{8F3E2DBD-6F9E-456D-A4FB-1AF9933A6765}.RelWithDebInfo|x86.ActiveCfg = Release|Win32
		{8F3E2DBD-6F9E-456D-A4FB-1AF9933A6765}.RelWithDebInfo|x86.Build.0 = Release|Win32
		{C34CC56F-34FE-4D93-8582-5853B05442EA}.Debug|Win32.ActiveCfg = Debug|Win32
		{C34CC56F-34FE-4D93-8582-5853B05442EA}.Debug|Win32.Build.0 = Debug|Win32
		{C34CC56F-34FE-4D93-8582-5853B05442EA}.Debug|x64.ActiveCfg = Debug|x64
		{C34CC56F-34FE-4D93-8582-5853B05442EA}.Debug|x64.Build.0 = Debug|x64
		{C34CC56F-34FE-4D93-8582-5853B05442EA}.Debug|x86.ActiveCfg = Debug|Win32
		{C34CC56F-34FE-4D93-8582-5853B05442EA}.Debug|x86.Build.0 = Debug|Win32
		{C34CC56F-34FE-4D93-8582-5853B05442EA}.MinSizeRel|Win32.ActiveCfg = Debug|Win32
		{C34CC56F-34FE-4D93-8582-5853B05442EA}.MinSizeRel|Win32.Build.0 = Debug|Win32
		{C34CC56F-34FE-4D93-8582-5853B05442EA}.MinSizeRel|x64.ActiveCfg = Debug|x64
		{C34CC56F-34FE-4D93-8582-5853B05442EA}.MinSizeRel|x64.Build.0 = Debug|x64
		{C34CC56F-34FE-4D93-8582-5853B05442EA}.MinSizeRel|x86.ActiveCfg = Debug|Win32
		{C34CC56F-34FE-4D93-8582-5853B05442EA}.MinSizeRel|x86.Build.0 = Debug|Win32
		{C34CC56F-34FE-4D93-8582-5853B05442EA}.Release|Win32.ActiveCfg = Release|Win32
		{C34CC56F-34FE-4D93-8582-5853B05442EA}.Release|Win32.Build.0 = Release|Win32
		{C34CC56F-34FE-4D93-8582-5853B05442EA}.Release|x64.ActiveCfg = Release|x64
		{C34CC56F-34FE-4D93-8582-5853B05442EA}.Release|x64.Build.0 = Release|x64
		{C34CC56F-34FE-4D93-8582-5853B05442EA}.Release|x86.ActiveCfg = Release|Win32
		{C34CC56F-34FE-4D93-8582-5853B05442EA}.Release|x86.Build.0 = Release|Win32
		{C34CC56F-34FE-4D93-8582-5853B05442EA}.RelWithDebInfo|Win32.ActiveCfg = Release|Win32
		{C34CC56F-34FE-4D93-8582-5853B05442EA}.RelWithDebInfo|Win32.Build.0 = Release|Win32
		{C34CC56F-34FE-4D93-8582-5853B05442EA}.RelWithDebInfo|x64.ActiveCfg = Release|x64
		{C34CC56F-34FE-4D93-8582-5853B05442EA}.RelWithDebInfo|x64.Build.0 = Release|x64
		{C34CC56F-34FE-4D93-8582-5853B05442EA}.RelWithDebInfo|x86.ActiveCfg = Release|Win32
		{C34CC56F-34FE-4D93-8582-5853B05442EA}.RelWithDebInfo|x86.Build.0 = Release|Win32
	EndGlobalSection
	GlobalSection(SolutionProperties) = preSolution
		HideSolutionNode = FALSE
	EndGlobalSection
	GlobalSection(NestedProjects) = preSolution
		{D4FD8942-4634-4598-B1C0-55D61815A9E8} = {746971E4-9A58-4ADC-BB57-5890339C7C60}
		{B6A95553-A736-4083-8B96-C5F845FA8C6D} = {746971E4-9A58-4ADC-BB57-5890339C7C60}
		{1DB781D7-CD03-48D2-9D9C-29567919B1B1} = {B0791C4D-D9B7-4300-B838-66203C257975}
		{0B1BC6FA-8CBC-49C1-BE71-5C4B406EA9F0} = {B0791C4D-D9B7-4300-B838-66203C257975}
		{C34CC56F-34FE-4D93-8582-5853B05442EA} = {746971E4-9A58-4ADC-BB57-5890339C7C60}
	EndGlobalSection
	GlobalSection(ExtensibilityGlobals) = postSolution
		SolutionGuid = {322008C7-2A1B-4FA0-8C28-05E14E594044}
	EndGlobalSection
EndGlobal
