
Microsoft Visual Studio Solution File, Format Version 12.00
# Visual Studio Version 16
VisualStudioVersion = 16.0.33529.622
MinimumVisualStudioVersion = 10.0.40219.1
Project("{8BC9CEB8-8B4A-11D0-8D11-00A0C91BC942}") = "GB28181Client", "GB28181Client.vcxproj", "{C181263A-F2ED-4E10-BFCA-EA69901B7429}"
EndProject
Project("{8BC9CEB8-8B4A-11D0-8D11-00A0C91BC942}") = "tinyXml", "..\tinyXml\tinyXml.vcxproj", "{980BDDBC-D076-4D0D-A1BB-22A528C669E8}"
EndProject
Project("{8BC9CEB8-8B4A-11D0-8D11-00A0C91BC942}") = "mysipsdk", "..\mysipsdk\mysipsdk.vcxproj", "{6480D39A-D786-4C7A-8255-AEAC86E3F60C}"
EndProject
Project("{8BC9CEB8-8B4A-11D0-8D11-00A0C91BC942}") = "jsoncpp", "..\jsoncpp\jsoncpp.vcxproj", "{3A314DC3-17EC-464A-A38A-215BB7900595}"
EndProject
Project("{8BC9CEB8-8B4A-11D0-8D11-00A0C91BC942}") = "jrtplib", "..\jrtplib\jrtplib.vcxproj", "{C45E30D1-33C8-47A4-8B4B-A4285F9D6927}"
EndProject
Project("{8BC9CEB8-8B4A-11D0-8D11-00A0C91BC942}") = "jthread", "..\jthread\jthread.vcxproj", "{54E8E158-C31B-4D62-B0B2-49F9207E9955}"
EndProject
Project("{8BC9CEB8-8B4A-11D0-8D11-00A0C91BC942}") = "GBStreamReceiver", "..\GBStreamReceiver\GBStreamReceiver.vcxproj", "{3D224576-94CD-47C0-8F98-386BFD6404CF}"
EndProject
Project("{8BC9CEB8-8B4A-11D0-8D11-00A0C91BC942}") = "libmpeg", "..\ireader\libmpeg\libmpeg.vcxproj", "{D4FD8942-4634-4598-B1C0-55D61815A9E8}"
EndProject
Global
	GlobalSection(SolutionConfigurationPlatforms) = preSolution
		Debug|Win32 = Debug|Win32
		Debug|x64 = Debug|x64
		Debug|x86 = Debug|x86
		MinSizeRel|Win32 = MinSizeRel|Win32
		MinSizeRel|x64 = MinSizeRel|x64
		MinSizeRel|x86 = MinSizeRel|x86
		Release|Win32 = Release|Win32
		Release|x64 = Release|x64
		Release|x86 = Release|x86
		RelWithDebInfo|Win32 = RelWithDebInfo|Win32
		RelWithDebInfo|x64 = RelWithDebInfo|x64
		RelWithDebInfo|x86 = RelWithDebInfo|x86
	EndGlobalSection
	GlobalSection(ProjectConfigurationPlatforms) = postSolution
		{C181263A-F2ED-4E10-BFCA-EA69901B7429}.Debug|Win32.ActiveCfg = Debug|Win32
		{C181263A-F2ED-4E10-BFCA-EA69901B7429}.Debug|Win32.Build.0 = Debug|Win32
		{C181263A-F2ED-4E10-BFCA-EA69901B7429}.Debug|x64.ActiveCfg = Debug|x64
		{C181263A-F2ED-4E10-BFCA-EA69901B7429}.Debug|x64.Build.0 = Debug|x64
		{C181263A-F2ED-4E10-BFCA-EA69901B7429}.Debug|x86.ActiveCfg = Debug|x64
		{C181263A-F2ED-4E10-BFCA-EA69901B7429}.MinSizeRel|Win32.ActiveCfg = Release|Win32
		{C181263A-F2ED-4E10-BFCA-EA69901B7429}.MinSizeRel|Win32.Build.0 = Release|Win32
		{C181263A-F2ED-4E10-BFCA-EA69901B7429}.MinSizeRel|x64.ActiveCfg = Release|x64
		{C181263A-F2ED-4E10-BFCA-EA69901B7429}.MinSizeRel|x64.Build.0 = Release|x64
		{C181263A-F2ED-4E10-BFCA-EA69901B7429}.MinSizeRel|x86.ActiveCfg = Release|Win32
		{C181263A-F2ED-4E10-BFCA-EA69901B7429}.MinSizeRel|x86.Build.0 = Release|Win32
		{C181263A-F2ED-4E10-BFCA-EA69901B7429}.Release|Win32.ActiveCfg = Release|Win32
		{C181263A-F2ED-4E10-BFCA-EA69901B7429}.Release|Win32.Build.0 = Release|Win32
		{C181263A-F2ED-4E10-BFCA-EA69901B7429}.Release|x64.ActiveCfg = Release|x64
		{C181263A-F2ED-4E10-BFCA-EA69901B7429}.Release|x64.Build.0 = Release|x64
		{C181263A-F2ED-4E10-BFCA-EA69901B7429}.Release|x86.ActiveCfg = Release|x64
		{C181263A-F2ED-4E10-BFCA-EA69901B7429}.RelWithDebInfo|Win32.ActiveCfg = Release|Win32
		{C181263A-F2ED-4E10-BFCA-EA69901B7429}.RelWithDebInfo|Win32.Build.0 = Release|Win32
		{C181263A-F2ED-4E10-BFCA-EA69901B7429}.RelWithDebInfo|x64.ActiveCfg = Release|x64
		{C181263A-F2ED-4E10-BFCA-EA69901B7429}.RelWithDebInfo|x64.Build.0 = Release|x64
		{C181263A-F2ED-4E10-BFCA-EA69901B7429}.RelWithDebInfo|x86.ActiveCfg = Release|Win32
		{C181263A-F2ED-4E10-BFCA-EA69901B7429}.RelWithDebInfo|x86.Build.0 = Release|Win32
		{980BDDBC-D076-4D0D-A1BB-22A528C669E8}.Debug|Win32.ActiveCfg = Debug|Win32
		{980BDDBC-D076-4D0D-A1BB-22A528C669E8}.Debug|Win32.Build.0 = Debug|Win32
		{980BDDBC-D076-4D0D-A1BB-22A528C669E8}.Debug|x64.ActiveCfg = Debug|x64
		{980BDDBC-D076-4D0D-A1BB-22A528C669E8}.Debug|x64.Build.0 = Debug|x64
		{980BDDBC-D076-4D0D-A1BB-22A528C669E8}.Debug|x86.ActiveCfg = Debug|Win32
		{980BDDBC-D076-4D0D-A1BB-22A528C669E8}.Debug|x86.Build.0 = Debug|Win32
		{980BDDBC-D076-4D0D-A1BB-22A528C669E8}.MinSizeRel|Win32.ActiveCfg = Release|Win32
		{980BDDBC-D076-4D0D-A1BB-22A528C669E8}.MinSizeRel|Win32.Build.0 = Release|Win32
		{980BDDBC-D076-4D0D-A1BB-22A528C669E8}.MinSizeRel|x64.ActiveCfg = Release|x64
		{980BDDBC-D076-4D0D-A1BB-22A528C669E8}.MinSizeRel|x64.Build.0 = Release|x64
		{980BDDBC-D076-4D0D-A1BB-22A528C669E8}.MinSizeRel|x86.ActiveCfg = Release|Win32
		{980BDDBC-D076-4D0D-A1BB-22A528C669E8}.MinSizeRel|x86.Build.0 = Release|Win32
		{980BDDBC-D076-4D0D-A1BB-22A528C669E8}.Release|Win32.ActiveCfg = Release|Win32
		{980BDDBC-D076-4D0D-A1BB-22A528C669E8}.Release|Win32.Build.0 = Release|Win32
		{980BDDBC-D076-4D0D-A1BB-22A528C669E8}.Release|x64.ActiveCfg = Release|x64
		{980BDDBC-D076-4D0D-A1BB-22A528C669E8}.Release|x64.Build.0 = Release|x64
		{980BDDBC-D076-4D0D-A1BB-22A528C669E8}.Release|x86.ActiveCfg = Release|Win32
		{980BDDBC-D076-4D0D-A1BB-22A528C669E8}.Release|x86.Build.0 = Release|Win32
		{980BDDBC-D076-4D0D-A1BB-22A528C669E8}.RelWithDebInfo|Win32.ActiveCfg = Release|Win32
		{980BDDBC-D076-4D0D-A1BB-22A528C669E8}.RelWithDebInfo|Win32.Build.0 = Release|Win32
		{980BDDBC-D076-4D0D-A1BB-22A528C669E8}.RelWithDebInfo|x64.ActiveCfg = Release|x64
		{980BDDBC-D076-4D0D-A1BB-22A528C669E8}.RelWithDebInfo|x64.Build.0 = Release|x64
		{980BDDBC-D076-4D0D-A1BB-22A528C669E8}.RelWithDebInfo|x86.ActiveCfg = Release|Win32
		{980BDDBC-D076-4D0D-A1BB-22A528C669E8}.RelWithDebInfo|x86.Build.0 = Release|Win32
		{6480D39A-D786-4C7A-8255-AEAC86E3F60C}.Debug|Win32.ActiveCfg = Debug|Win32
		{6480D39A-D786-4C7A-8255-AEAC86E3F60C}.Debug|Win32.Build.0 = Debug|Win32
		{6480D39A-D786-4C7A-8255-AEAC86E3F60C}.Debug|x64.ActiveCfg = Debug|x64
		{6480D39A-D786-4C7A-8255-AEAC86E3F60C}.Debug|x64.Build.0 = Debug|x64
		{6480D39A-D786-4C7A-8255-AEAC86E3F60C}.Debug|x86.ActiveCfg = Debug|Win32
		{6480D39A-D786-4C7A-8255-AEAC86E3F60C}.Debug|x86.Build.0 = Debug|Win32
		{6480D39A-D786-4C7A-8255-AEAC86E3F60C}.MinSizeRel|Win32.ActiveCfg = Release|Win32
		{6480D39A-D786-4C7A-8255-AEAC86E3F60C}.MinSizeRel|Win32.Build.0 = Release|Win32
		{6480D39A-D786-4C7A-8255-AEAC86E3F60C}.MinSizeRel|x64.ActiveCfg = Release|x64
		{6480D39A-D786-4C7A-8255-AEAC86E3F60C}.MinSizeRel|x64.Build.0 = Release|x64
		{6480D39A-D786-4C7A-8255-AEAC86E3F60C}.MinSizeRel|x86.ActiveCfg = Release|Win32
		{6480D39A-D786-4C7A-8255-AEAC86E3F60C}.MinSizeRel|x86.Build.0 = Release|Win32
		{6480D39A-D786-4C7A-8255-AEAC86E3F60C}.Release|Win32.ActiveCfg = Release|Win32
		{6480D39A-D786-4C7A-8255-AEAC86E3F60C}.Release|Win32.Build.0 = Release|Win32
		{6480D39A-D786-4C7A-8255-AEAC86E3F60C}.Release|x64.ActiveCfg = Release|x64
		{6480D39A-D786-4C7A-8255-AEAC86E3F60C}.Release|x64.Build.0 = Release|x64
		{6480D39A-D786-4C7A-8255-AEAC86E3F60C}.Release|x86.ActiveCfg = Release|Win32
		{6480D39A-D786-4C7A-8255-AEAC86E3F60C}.Release|x86.Build.0 = Release|Win32
		{6480D39A-D786-4C7A-8255-AEAC86E3F60C}.RelWithDebInfo|Win32.ActiveCfg = Release|Win32
		{6480D39A-D786-4C7A-8255-AEAC86E3F60C}.RelWithDebInfo|Win32.Build.0 = Release|Win32
		{6480D39A-D786-4C7A-8255-AEAC86E3F60C}.RelWithDebInfo|x64.ActiveCfg = Release|x64
		{6480D39A-D786-4C7A-8255-AEAC86E3F60C}.RelWithDebInfo|x64.Build.0 = Release|x64
		{6480D39A-D786-4C7A-8255-AEAC86E3F60C}.RelWithDebInfo|x86.ActiveCfg = Release|Win32
		{6480D39A-D786-4C7A-8255-AEAC86E3F60C}.RelWithDebInfo|x86.Build.0 = Release|Win32
		{3A314DC3-17EC-464A-A38A-215BB7900595}.Debug|Win32.ActiveCfg = Debug|Win32
		{3A314DC3-17EC-464A-A38A-215BB7900595}.Debug|Win32.Build.0 = Debug|Win32
		{3A314DC3-17EC-464A-A38A-215BB7900595}.Debug|x64.ActiveCfg = Debug|x64
		{3A314DC3-17EC-464A-A38A-215BB7900595}.Debug|x64.Build.0 = Debug|x64
		{3A314DC3-17EC-464A-A38A-215BB7900595}.Debug|x86.ActiveCfg = Debug|Win32
		{3A314DC3-17EC-464A-A38A-215BB7900595}.Debug|x86.Build.0 = Debug|Win32
		{3A314DC3-17EC-464A-A38A-215BB7900595}.MinSizeRel|Win32.ActiveCfg = Release|Win32
		{3A314DC3-17EC-464A-A38A-215BB7900595}.MinSizeRel|Win32.Build.0 = Release|Win32
		{3A314DC3-17EC-464A-A38A-215BB7900595}.MinSizeRel|x64.ActiveCfg = Release|x64
		{3A314DC3-17EC-464A-A38A-215BB7900595}.MinSizeRel|x64.Build.0 = Release|x64
		{3A314DC3-17EC-464A-A38A-215BB7900595}.MinSizeRel|x86.ActiveCfg = Release|Win32
		{3A314DC3-17EC-464A-A38A-215BB7900595}.MinSizeRel|x86.Build.0 = Release|Win32
		{3A314DC3-17EC-464A-A38A-215BB7900595}.Release|Win32.ActiveCfg = Release|Win32
		{3A314DC3-17EC-464A-A38A-215BB7900595}.Release|Win32.Build.0 = Release|Win32
		{3A314DC3-17EC-464A-A38A-215BB7900595}.Release|x64.ActiveCfg = Release|x64
		{3A314DC3-17EC-464A-A38A-215BB7900595}.Release|x64.Build.0 = Release|x64
		{3A314DC3-17EC-464A-A38A-215BB7900595}.Release|x86.ActiveCfg = Release|Win32
		{3A314DC3-17EC-464A-A38A-215BB7900595}.Release|x86.Build.0 = Release|Win32
		{3A314DC3-17EC-464A-A38A-215BB7900595}.RelWithDebInfo|Win32.ActiveCfg = Release|Win32
		{3A314DC3-17EC-464A-A38A-215BB7900595}.RelWithDebInfo|Win32.Build.0 = Release|Win32
		{3A314DC3-17EC-464A-A38A-215BB7900595}.RelWithDebInfo|x64.ActiveCfg = Release|x64
		{3A314DC3-17EC-464A-A38A-215BB7900595}.RelWithDebInfo|x64.Build.0 = Release|x64
		{3A314DC3-17EC-464A-A38A-215BB7900595}.RelWithDebInfo|x86.ActiveCfg = Release|Win32
		{3A314DC3-17EC-464A-A38A-215BB7900595}.RelWithDebInfo|x86.Build.0 = Release|Win32
		{C45E30D1-33C8-47A4-8B4B-A4285F9D6927}.Debug|Win32.ActiveCfg = Debug|Win32
		{C45E30D1-33C8-47A4-8B4B-A4285F9D6927}.Debug|Win32.Build.0 = Debug|Win32
		{C45E30D1-33C8-47A4-8B4B-A4285F9D6927}.Debug|x64.ActiveCfg = Debug|x64
		{C45E30D1-33C8-47A4-8B4B-A4285F9D6927}.Debug|x64.Build.0 = Debug|x64
		{C45E30D1-33C8-47A4-8B4B-A4285F9D6927}.Debug|x86.ActiveCfg = Debug|Win32
		{C45E30D1-33C8-47A4-8B4B-A4285F9D6927}.Debug|x86.Build.0 = Debug|Win32
		{C45E30D1-33C8-47A4-8B4B-A4285F9D6927}.MinSizeRel|Win32.ActiveCfg = Debug|Win32
		{C45E30D1-33C8-47A4-8B4B-A4285F9D6927}.MinSizeRel|Win32.Build.0 = Debug|Win32
		{C45E30D1-33C8-47A4-8B4B-A4285F9D6927}.MinSizeRel|x64.ActiveCfg = Debug|x64
		{C45E30D1-33C8-47A4-8B4B-A4285F9D6927}.MinSizeRel|x64.Build.0 = Debug|x64
		{C45E30D1-33C8-47A4-8B4B-A4285F9D6927}.MinSizeRel|x86.ActiveCfg = Debug|Win32
		{C45E30D1-33C8-47A4-8B4B-A4285F9D6927}.MinSizeRel|x86.Build.0 = Debug|Win32
		{C45E30D1-33C8-47A4-8B4B-A4285F9D6927}.Release|Win32.ActiveCfg = Release|Win32
		{C45E30D1-33C8-47A4-8B4B-A4285F9D6927}.Release|Win32.Build.0 = Release|Win32
		{C45E30D1-33C8-47A4-8B4B-A4285F9D6927}.Release|x64.ActiveCfg = Release|x64
		{C45E30D1-33C8-47A4-8B4B-A4285F9D6927}.Release|x64.Build.0 = Release|x64
		{C45E30D1-33C8-47A4-8B4B-A4285F9D6927}.Release|x86.ActiveCfg = Release|Win32
		{C45E30D1-33C8-47A4-8B4B-A4285F9D6927}.Release|x86.Build.0 = Release|Win32
		{C45E30D1-33C8-47A4-8B4B-A4285F9D6927}.RelWithDebInfo|Win32.ActiveCfg = Release|Win32
		{C45E30D1-33C8-47A4-8B4B-A4285F9D6927}.RelWithDebInfo|Win32.Build.0 = Release|Win32
		{C45E30D1-33C8-47A4-8B4B-A4285F9D6927}.RelWithDebInfo|x64.ActiveCfg = Release|x64
		{C45E30D1-33C8-47A4-8B4B-A4285F9D6927}.RelWithDebInfo|x64.Build.0 = Release|x64
		{C45E30D1-33C8-47A4-8B4B-A4285F9D6927}.RelWithDebInfo|x86.ActiveCfg = Release|Win32
		{C45E30D1-33C8-47A4-8B4B-A4285F9D6927}.RelWithDebInfo|x86.Build.0 = Release|Win32
		{54E8E158-C31B-4D62-B0B2-49F9207E9955}.Debug|Win32.ActiveCfg = Debug|Win32
		{54E8E158-C31B-4D62-B0B2-49F9207E9955}.Debug|Win32.Build.0 = Debug|Win32
		{54E8E158-C31B-4D62-B0B2-49F9207E9955}.Debug|x64.ActiveCfg = Debug|x64
		{54E8E158-C31B-4D62-B0B2-49F9207E9955}.Debug|x64.Build.0 = Debug|x64
		{54E8E158-C31B-4D62-B0B2-49F9207E9955}.Debug|x86.ActiveCfg = Debug|Win32
		{54E8E158-C31B-4D62-B0B2-49F9207E9955}.Debug|x86.Build.0 = Debug|Win32
		{54E8E158-C31B-4D62-B0B2-49F9207E9955}.MinSizeRel|Win32.ActiveCfg = Debug|Win32
		{54E8E158-C31B-4D62-B0B2-49F9207E9955}.MinSizeRel|Win32.Build.0 = Debug|Win32
		{54E8E158-C31B-4D62-B0B2-49F9207E9955}.MinSizeRel|x64.ActiveCfg = Debug|x64
		{54E8E158-C31B-4D62-B0B2-49F9207E9955}.MinSizeRel|x64.Build.0 = Debug|x64
		{54E8E158-C31B-4D62-B0B2-49F9207E9955}.MinSizeRel|x86.ActiveCfg = Debug|Win32
		{54E8E158-C31B-4D62-B0B2-49F9207E9955}.MinSizeRel|x86.Build.0 = Debug|Win32
		{54E8E158-C31B-4D62-B0B2-49F9207E9955}.Release|Win32.ActiveCfg = Release|Win32
		{54E8E158-C31B-4D62-B0B2-49F9207E9955}.Release|Win32.Build.0 = Release|Win32
		{54E8E158-C31B-4D62-B0B2-49F9207E9955}.Release|x64.ActiveCfg = Release|x64
		{54E8E158-C31B-4D62-B0B2-49F9207E9955}.Release|x64.Build.0 = Release|x64
		{54E8E158-C31B-4D62-B0B2-49F9207E9955}.Release|x86.ActiveCfg = Release|Win32
		{54E8E158-C31B-4D62-B0B2-49F9207E9955}.Release|x86.Build.0 = Release|Win32
		{54E8E158-C31B-4D62-B0B2-49F9207E9955}.RelWithDebInfo|Win32.ActiveCfg = Release|Win32
		{54E8E158-C31B-4D62-B0B2-49F9207E9955}.RelWithDebInfo|Win32.Build.0 = Release|Win32
		{54E8E158-C31B-4D62-B0B2-49F9207E9955}.RelWithDebInfo|x64.ActiveCfg = Release|x64
		{54E8E158-C31B-4D62-B0B2-49F9207E9955}.RelWithDebInfo|x64.Build.0 = Release|x64
		{54E8E158-C31B-4D62-B0B2-49F9207E9955}.RelWithDebInfo|x86.ActiveCfg = Release|Win32
		{54E8E158-C31B-4D62-B0B2-49F9207E9955}.RelWithDebInfo|x86.Build.0 = Release|Win32
		{3D224576-94CD-47C0-8F98-386BFD6404CF}.Debug|Win32.ActiveCfg = Debug|Win32
		{3D224576-94CD-47C0-8F98-386BFD6404CF}.Debug|Win32.Build.0 = Debug|Win32
		{3D224576-94CD-47C0-8F98-386BFD6404CF}.Debug|x64.ActiveCfg = Debug|x64
		{3D224576-94CD-47C0-8F98-386BFD6404CF}.Debug|x64.Build.0 = Debug|x64
		{3D224576-94CD-47C0-8F98-386BFD6404CF}.Debug|x86.ActiveCfg = Debug|Win32
		{3D224576-94CD-47C0-8F98-386BFD6404CF}.Debug|x86.Build.0 = Debug|Win32
		{3D224576-94CD-47C0-8F98-386BFD6404CF}.MinSizeRel|Win32.ActiveCfg = Debug|Win32
		{3D224576-94CD-47C0-8F98-386BFD6404CF}.MinSizeRel|Win32.Build.0 = Debug|Win32
		{3D224576-94CD-47C0-8F98-386BFD6404CF}.MinSizeRel|x64.ActiveCfg = Debug|x64
		{3D224576-94CD-47C0-8F98-386BFD6404CF}.MinSizeRel|x64.Build.0 = Debug|x64
		{3D224576-94CD-47C0-8F98-386BFD6404CF}.MinSizeRel|x86.ActiveCfg = Debug|Win32
		{3D224576-94CD-47C0-8F98-386BFD6404CF}.MinSizeRel|x86.Build.0 = Debug|Win32
		{3D224576-94CD-47C0-8F98-386BFD6404CF}.Release|Win32.ActiveCfg = Release|Win32
		{3D224576-94CD-47C0-8F98-386BFD6404CF}.Release|Win32.Build.0 = Release|Win32
		{3D224576-94CD-47C0-8F98-386BFD6404CF}.Release|x64.ActiveCfg = Release|x64
		{3D224576-94CD-47C0-8F98-386BFD6404CF}.Release|x64.Build.0 = Release|x64
		{3D224576-94CD-47C0-8F98-386BFD6404CF}.Release|x86.ActiveCfg = Release|Win32
		{3D224576-94CD-47C0-8F98-386BFD6404CF}.Release|x86.Build.0 = Release|Win32
		{3D224576-94CD-47C0-8F98-386BFD6404CF}.RelWithDebInfo|Win32.ActiveCfg = Release|Win32
		{3D224576-94CD-47C0-8F98-386BFD6404CF}.RelWithDebInfo|Win32.Build.0 = Release|Win32
		{3D224576-94CD-47C0-8F98-386BFD6404CF}.RelWithDebInfo|x64.ActiveCfg = Release|x64
		{3D224576-94CD-47C0-8F98-386BFD6404CF}.RelWithDebInfo|x64.Build.0 = Release|x64
		{3D224576-94CD-47C0-8F98-386BFD6404CF}.RelWithDebInfo|x86.ActiveCfg = Release|Win32
		{3D224576-94CD-47C0-8F98-386BFD6404CF}.RelWithDebInfo|x86.Build.0 = Release|Win32
		{D4FD8942-4634-4598-B1C0-55D61815A9E8}.Debug|Win32.ActiveCfg = Debug|Win32
		{D4FD8942-4634-4598-B1C0-55D61815A9E8}.Debug|Win32.Build.0 = Debug|Win32
		{D4FD8942-4634-4598-B1C0-55D61815A9E8}.Debug|x64.ActiveCfg = Debug|x64
		{D4FD8942-4634-4598-B1C0-55D61815A9E8}.Debug|x64.Build.0 = Debug|x64
		{D4FD8942-4634-4598-B1C0-55D61815A9E8}.Debug|x86.ActiveCfg = Debug|Win32
		{D4FD8942-4634-4598-B1C0-55D61815A9E8}.Debug|x86.Build.0 = Debug|Win32
		{D4FD8942-4634-4598-B1C0-55D61815A9E8}.MinSizeRel|Win32.ActiveCfg = Debug|Win32
		{D4FD8942-4634-4598-B1C0-55D61815A9E8}.MinSizeRel|Win32.Build.0 = Debug|Win32
		{D4FD8942-4634-4598-B1C0-55D61815A9E8}.MinSizeRel|x64.ActiveCfg = Debug|x64
		{D4FD8942-4634-4598-B1C0-55D61815A9E8}.MinSizeRel|x64.Build.0 = Debug|x64
		{D4FD8942-4634-4598-B1C0-55D61815A9E8}.MinSizeRel|x86.ActiveCfg = Debug|Win32
		{D4FD8942-4634-4598-B1C0-55D61815A9E8}.MinSizeRel|x86.Build.0 = Debug|Win32
		{D4FD8942-4634-4598-B1C0-55D61815A9E8}.Release|Win32.ActiveCfg = Release|Win32
		{D4FD8942-4634-4598-B1C0-55D61815A9E8}.Release|Win32.Build.0 = Release|Win32
		{D4FD8942-4634-4598-B1C0-55D61815A9E8}.Release|x64.ActiveCfg = Release|x64
		{D4FD8942-4634-4598-B1C0-55D61815A9E8}.Release|x64.Build.0 = Release|x64
		{D4FD8942-4634-4598-B1C0-55D61815A9E8}.Release|x86.ActiveCfg = Release|Win32
		{D4FD8942-4634-4598-B1C0-55D61815A9E8}.Release|x86.Build.0 = Release|Win32
		{D4FD8942-4634-4598-B1C0-55D61815A9E8}.RelWithDebInfo|Win32.ActiveCfg = Release|Win32
		{D4FD8942-4634-4598-B1C0-55D61815A9E8}.RelWithDebInfo|Win32.Build.0 = Release|Win32
		{D4FD8942-4634-4598-B1C0-55D61815A9E8}.RelWithDebInfo|x64.ActiveCfg = Release|x64
		{D4FD8942-4634-4598-B1C0-55D61815A9E8}.RelWithDebInfo|x64.Build.0 = Release|x64
		{D4FD8942-4634-4598-B1C0-55D61815A9E8}.RelWithDebInfo|x86.ActiveCfg = Release|Win32
		{D4FD8942-4634-4598-B1C0-55D61815A9E8}.RelWithDebInfo|x86.Build.0 = Release|Win32
	EndGlobalSection
	GlobalSection(SolutionProperties) = preSolution
		HideSolutionNode = FALSE
	EndGlobalSection
	GlobalSection(ExtensibilityGlobals) = postSolution
		SolutionGuid = {322008C7-2A1B-4FA0-8C28-05E14E594044}
	EndGlobalSection
EndGlobal
