<?xml version="1.0" encoding="utf-8"?>
<Project ToolsVersion="4.0" xmlns="http://schemas.microsoft.com/developer/msbuild/2003">
  <ItemGroup>
    <Filter Include="源文件">
      <UniqueIdentifier>{4FC737F1-C7A5-4376-A066-2A32D752A2FF}</UniqueIdentifier>
      <Extensions>cpp;c;cc;cxx;c++;cppm;ixx;def;odl;idl;hpj;bat;asm;asmx</Extensions>
    </Filter>
    <Filter Include="头文件">
      <UniqueIdentifier>{93995380-89BD-4b04-88EB-625FBE52EBFB}</UniqueIdentifier>
      <Extensions>h;hh;hpp;hxx;h++;hm;inl;inc;ipp;xsd</Extensions>
    </Filter>
    <Filter Include="资源文件">
      <UniqueIdentifier>{67DA6AB6-F800-4c08-8B7A-83BB121AAD01}</UniqueIdentifier>
      <Extensions>rc;ico;cur;bmp;dlg;rc2;rct;bin;rgs;gif;jpg;jpeg;jpe;resx;tiff;tif;png;wav;mfcribbon-ms</Extensions>
    </Filter>
  </ItemGroup>
  <ItemGroup>
    <ClInclude Include="..\..\include\jrtplib\rtcpapppacket.h">
      <Filter>头文件</Filter>
    </ClInclude>
    <ClInclude Include="..\..\include\jrtplib\rtcpbyepacket.h">
      <Filter>头文件</Filter>
    </ClInclude>
    <ClInclude Include="..\..\include\jrtplib\rtcpcompoundpacket.h">
      <Filter>头文件</Filter>
    </ClInclude>
    <ClInclude Include="..\..\include\jrtplib\rtcpcompoundpacketbuilder.h">
      <Filter>头文件</Filter>
    </ClInclude>
    <ClInclude Include="..\..\include\jrtplib\rtcppacket.h">
      <Filter>头文件</Filter>
    </ClInclude>
    <ClInclude Include="..\..\include\jrtplib\rtcppacketbuilder.h">
      <Filter>头文件</Filter>
    </ClInclude>
    <ClInclude Include="..\..\include\jrtplib\rtcprrpacket.h">
      <Filter>头文件</Filter>
    </ClInclude>
    <ClInclude Include="..\..\include\jrtplib\rtcpscheduler.h">
      <Filter>头文件</Filter>
    </ClInclude>
    <ClInclude Include="..\..\include\jrtplib\rtcpsdesinfo.h">
      <Filter>头文件</Filter>
    </ClInclude>
    <ClInclude Include="..\..\include\jrtplib\rtcpsdespacket.h">
      <Filter>头文件</Filter>
    </ClInclude>
    <ClInclude Include="..\..\include\jrtplib\rtcpsrpacket.h">
      <Filter>头文件</Filter>
    </ClInclude>
    <ClInclude Include="..\..\include\jrtplib\rtcpunknownpacket.h">
      <Filter>头文件</Filter>
    </ClInclude>
    <ClInclude Include="..\..\include\jrtplib\rtpabortdescriptors.h">
      <Filter>头文件</Filter>
    </ClInclude>
    <ClInclude Include="..\..\include\jrtplib\rtpaddress.h">
      <Filter>头文件</Filter>
    </ClInclude>
    <ClInclude Include="..\..\include\jrtplib\rtpbyteaddress.h">
      <Filter>头文件</Filter>
    </ClInclude>
    <ClInclude Include="..\..\include\jrtplib\rtpcollisionlist.h">
      <Filter>头文件</Filter>
    </ClInclude>
    <ClInclude Include="..\..\include\jrtplib\rtpconfig.h">
      <Filter>头文件</Filter>
    </ClInclude>
    <ClInclude Include="..\..\include\jrtplib\rtpdebug.h">
      <Filter>头文件</Filter>
    </ClInclude>
    <ClInclude Include="..\..\include\jrtplib\rtpdefines.h">
      <Filter>头文件</Filter>
    </ClInclude>
    <ClInclude Include="..\..\include\jrtplib\rtperrors.h">
      <Filter>头文件</Filter>
    </ClInclude>
    <ClInclude Include="..\..\include\jrtplib\rtpexternaltransmitter.h">
      <Filter>头文件</Filter>
    </ClInclude>
    <ClInclude Include="..\..\include\jrtplib\rtphashtable.h">
      <Filter>头文件</Filter>
    </ClInclude>
    <ClInclude Include="..\..\include\jrtplib\rtpinternalsourcedata.h">
      <Filter>头文件</Filter>
    </ClInclude>
    <ClInclude Include="..\..\include\jrtplib\rtpipv4address.h">
      <Filter>头文件</Filter>
    </ClInclude>
    <ClInclude Include="..\..\include\jrtplib\rtpipv4destination.h">
      <Filter>头文件</Filter>
    </ClInclude>
    <ClInclude Include="..\..\include\jrtplib\rtpipv6address.h">
      <Filter>头文件</Filter>
    </ClInclude>
    <ClInclude Include="..\..\include\jrtplib\rtpipv6destination.h">
      <Filter>头文件</Filter>
    </ClInclude>
    <ClInclude Include="..\..\include\jrtplib\rtpkeyhashtable.h">
      <Filter>头文件</Filter>
    </ClInclude>
    <ClInclude Include="..\..\include\jrtplib\rtplibraryversion.h">
      <Filter>头文件</Filter>
    </ClInclude>
    <ClInclude Include="..\..\include\jrtplib\rtpmemorymanager.h">
      <Filter>头文件</Filter>
    </ClInclude>
    <ClInclude Include="..\..\include\jrtplib\rtpmemoryobject.h">
      <Filter>头文件</Filter>
    </ClInclude>
    <ClInclude Include="..\..\include\jrtplib\rtppacket.h">
      <Filter>头文件</Filter>
    </ClInclude>
    <ClInclude Include="..\..\include\jrtplib\rtppacketbuilder.h">
      <Filter>头文件</Filter>
    </ClInclude>
    <ClInclude Include="..\..\include\jrtplib\rtppollthread.h">
      <Filter>头文件</Filter>
    </ClInclude>
    <ClInclude Include="..\..\include\jrtplib\rtprandom.h">
      <Filter>头文件</Filter>
    </ClInclude>
    <ClInclude Include="..\..\include\jrtplib\rtprandomrand48.h">
      <Filter>头文件</Filter>
    </ClInclude>
    <ClInclude Include="..\..\include\jrtplib\rtprandomrands.h">
      <Filter>头文件</Filter>
    </ClInclude>
    <ClInclude Include="..\..\include\jrtplib\rtprandomurandom.h">
      <Filter>头文件</Filter>
    </ClInclude>
    <ClInclude Include="..\..\include\jrtplib\rtprawpacket.h">
      <Filter>头文件</Filter>
    </ClInclude>
    <ClInclude Include="..\..\include\jrtplib\rtpsecuresession.h">
      <Filter>头文件</Filter>
    </ClInclude>
    <ClInclude Include="..\..\include\jrtplib\rtpselect.h">
      <Filter>头文件</Filter>
    </ClInclude>
    <ClInclude Include="..\..\include\jrtplib\rtpsession.h">
      <Filter>头文件</Filter>
    </ClInclude>
    <ClInclude Include="..\..\include\jrtplib\rtpsessionparams.h">
      <Filter>头文件</Filter>
    </ClInclude>
    <ClInclude Include="..\..\include\jrtplib\rtpsessionsources.h">
      <Filter>头文件</Filter>
    </ClInclude>
    <ClInclude Include="..\..\include\jrtplib\rtpsocketutil.h">
      <Filter>头文件</Filter>
    </ClInclude>
    <ClInclude Include="..\..\include\jrtplib\rtpsourcedata.h">
      <Filter>头文件</Filter>
    </ClInclude>
    <ClInclude Include="..\..\include\jrtplib\rtpsources.h">
      <Filter>头文件</Filter>
    </ClInclude>
    <ClInclude Include="..\..\include\jrtplib\rtpstructs.h">
      <Filter>头文件</Filter>
    </ClInclude>
    <ClInclude Include="..\..\include\jrtplib\rtptcpaddress.h">
      <Filter>头文件</Filter>
    </ClInclude>
    <ClInclude Include="..\..\include\jrtplib\rtptcptransmitter.h">
      <Filter>头文件</Filter>
    </ClInclude>
    <ClInclude Include="..\..\include\jrtplib\rtptimeutilities.h">
      <Filter>头文件</Filter>
    </ClInclude>
    <ClInclude Include="..\..\include\jrtplib\rtptransmitter.h">
      <Filter>头文件</Filter>
    </ClInclude>
    <ClInclude Include="..\..\include\jrtplib\rtptypes.h">
      <Filter>头文件</Filter>
    </ClInclude>
    <ClInclude Include="..\..\include\jrtplib\rtptypes_win.h">
      <Filter>头文件</Filter>
    </ClInclude>
    <ClInclude Include="..\..\include\jrtplib\rtpudpv4transmitter.h">
      <Filter>头文件</Filter>
    </ClInclude>
    <ClInclude Include="..\..\include\jrtplib\rtpudpv6transmitter.h">
      <Filter>头文件</Filter>
    </ClInclude>
  </ItemGroup>
  <ItemGroup>
    <ClCompile Include="rtcpapppacket.cpp">
      <Filter>源文件</Filter>
    </ClCompile>
    <ClCompile Include="rtcpbyepacket.cpp">
      <Filter>源文件</Filter>
    </ClCompile>
    <ClCompile Include="rtcpcompoundpacket.cpp">
      <Filter>源文件</Filter>
    </ClCompile>
    <ClCompile Include="rtcpcompoundpacketbuilder.cpp">
      <Filter>源文件</Filter>
    </ClCompile>
    <ClCompile Include="rtcppacket.cpp">
      <Filter>源文件</Filter>
    </ClCompile>
    <ClCompile Include="rtcppacketbuilder.cpp">
      <Filter>源文件</Filter>
    </ClCompile>
    <ClCompile Include="rtcprrpacket.cpp">
      <Filter>源文件</Filter>
    </ClCompile>
    <ClCompile Include="rtcpscheduler.cpp">
      <Filter>源文件</Filter>
    </ClCompile>
    <ClCompile Include="rtcpsdesinfo.cpp">
      <Filter>源文件</Filter>
    </ClCompile>
    <ClCompile Include="rtcpsdespacket.cpp">
      <Filter>源文件</Filter>
    </ClCompile>
    <ClCompile Include="rtcpsrpacket.cpp">
      <Filter>源文件</Filter>
    </ClCompile>
    <ClCompile Include="rtpabortdescriptors.cpp">
      <Filter>源文件</Filter>
    </ClCompile>
    <ClCompile Include="rtpbyteaddress.cpp">
      <Filter>源文件</Filter>
    </ClCompile>
    <ClCompile Include="rtpcollisionlist.cpp">
      <Filter>源文件</Filter>
    </ClCompile>
    <ClCompile Include="rtpdebug.cpp">
      <Filter>源文件</Filter>
    </ClCompile>
    <ClCompile Include="rtperrors.cpp">
      <Filter>源文件</Filter>
    </ClCompile>
    <ClCompile Include="rtpexternaltransmitter.cpp">
      <Filter>源文件</Filter>
    </ClCompile>
    <ClCompile Include="rtpinternalsourcedata.cpp">
      <Filter>源文件</Filter>
    </ClCompile>
    <ClCompile Include="rtpipv4address.cpp">
      <Filter>源文件</Filter>
    </ClCompile>
    <ClCompile Include="rtpipv4destination.cpp">
      <Filter>源文件</Filter>
    </ClCompile>
    <ClCompile Include="rtpipv6address.cpp">
      <Filter>源文件</Filter>
    </ClCompile>
    <ClCompile Include="rtpipv6destination.cpp">
      <Filter>源文件</Filter>
    </ClCompile>
    <ClCompile Include="rtplibraryversion.cpp">
      <Filter>源文件</Filter>
    </ClCompile>
    <ClCompile Include="rtppacket.cpp">
      <Filter>源文件</Filter>
    </ClCompile>
    <ClCompile Include="rtppacketbuilder.cpp">
      <Filter>源文件</Filter>
    </ClCompile>
    <ClCompile Include="rtppollthread.cpp">
      <Filter>源文件</Filter>
    </ClCompile>
    <ClCompile Include="rtprandom.cpp">
      <Filter>源文件</Filter>
    </ClCompile>
    <ClCompile Include="rtprandomrand48.cpp">
      <Filter>源文件</Filter>
    </ClCompile>
    <ClCompile Include="rtprandomrands.cpp">
      <Filter>源文件</Filter>
    </ClCompile>
    <ClCompile Include="rtprandomurandom.cpp">
      <Filter>源文件</Filter>
    </ClCompile>
    <ClCompile Include="rtpsecuresession.cpp">
      <Filter>源文件</Filter>
    </ClCompile>
    <ClCompile Include="rtpsession.cpp">
      <Filter>源文件</Filter>
    </ClCompile>
    <ClCompile Include="rtpsessionparams.cpp">
      <Filter>源文件</Filter>
    </ClCompile>
    <ClCompile Include="rtpsessionsources.cpp">
      <Filter>源文件</Filter>
    </ClCompile>
    <ClCompile Include="rtpsourcedata.cpp">
      <Filter>源文件</Filter>
    </ClCompile>
    <ClCompile Include="rtpsources.cpp">
      <Filter>源文件</Filter>
    </ClCompile>
    <ClCompile Include="rtptcpaddress.cpp">
      <Filter>源文件</Filter>
    </ClCompile>
    <ClCompile Include="rtptcptransmitter.cpp">
      <Filter>源文件</Filter>
    </ClCompile>
    <ClCompile Include="rtptimeutilities.cpp">
      <Filter>源文件</Filter>
    </ClCompile>
    <ClCompile Include="rtpudpv4transmitter.cpp">
      <Filter>源文件</Filter>
    </ClCompile>
    <ClCompile Include="rtpudpv6transmitter.cpp">
      <Filter>源文件</Filter>
    </ClCompile>
  </ItemGroup>
</Project>