<?xml version="1.0" encoding="utf-8"?>
<Project ToolsVersion="4.0" xmlns="http://schemas.microsoft.com/developer/msbuild/2003">
  <ItemGroup>
    <Filter Include="源文件">
      <UniqueIdentifier>{4FC737F1-C7A5-4376-A066-2A32D752A2FF}</UniqueIdentifier>
      <Extensions>cpp;c;cc;cxx;c++;cppm;ixx;def;odl;idl;hpj;bat;asm;asmx</Extensions>
    </Filter>
    <Filter Include="头文件">
      <UniqueIdentifier>{93995380-89BD-4b04-88EB-625FBE52EBFB}</UniqueIdentifier>
      <Extensions>h;hh;hpp;hxx;h++;hm;inl;inc;ipp;xsd</Extensions>
    </Filter>
    <Filter Include="资源文件">
      <UniqueIdentifier>{67DA6AB6-F800-4c08-8B7A-83BB121AAD01}</UniqueIdentifier>
      <Extensions>rc;ico;cur;bmp;dlg;rc2;rct;bin;rgs;gif;jpg;jpeg;jpe;resx;tiff;tif;png;wav;mfcribbon-ms</Extensions>
    </Filter>
    <Filter Include="sip">
      <UniqueIdentifier>{f6478ef1-b63a-431f-ab1b-d7ffeb544ca8}</UniqueIdentifier>
    </Filter>
    <Filter Include="xml">
      <UniqueIdentifier>{cc1b9447-73a8-49d6-81ab-968975f17c9d}</UniqueIdentifier>
    </Filter>
  </ItemGroup>
  <ItemGroup>
    <ClCompile Include="GB28181Server.cpp">
      <Filter>源文件</Filter>
    </ClCompile>
    <ClCompile Include="sip\MyEventHandler.cpp">
      <Filter>sip</Filter>
    </ClCompile>
    <ClCompile Include="sip\MySipContext.cpp">
      <Filter>sip</Filter>
    </ClCompile>
    <ClCompile Include="sip\MySipMedia.cpp">
      <Filter>sip</Filter>
    </ClCompile>
    <ClCompile Include="sip\MySipModule.cpp">
      <Filter>sip</Filter>
    </ClCompile>
    <ClCompile Include="sip\MyRegisterHandler.cpp">
      <Filter>sip</Filter>
    </ClCompile>
    <ClCompile Include="sip\MyGBDeviceManager.cpp">
      <Filter>sip</Filter>
    </ClCompile>
    <ClCompile Include="sip\MyKeepAliveHandler.cpp">
      <Filter>sip</Filter>
    </ClCompile>
    <ClCompile Include="xml\MyXmlParser.cpp">
      <Filter>xml</Filter>
    </ClCompile>
    <ClCompile Include="xml\MyDynamicStruct.cpp">
      <Filter>xml</Filter>
    </ClCompile>
    <ClCompile Include="sip\MyCatalogRecvHandler.cpp">
      <Filter>sip</Filter>
    </ClCompile>
    <ClCompile Include="sip\MyDeviceInfoHandler.cpp">
      <Filter>sip</Filter>
    </ClCompile>
    <ClCompile Include="sip\MyDeviceStatusHandler.cpp">
      <Filter>sip</Filter>
    </ClCompile>
    <ClCompile Include="sip\MyRecordInfoHandler.cpp">
      <Filter>sip</Filter>
    </ClCompile>
    <ClCompile Include="sip\MyDownloadHandler.cpp">
      <Filter>sip</Filter>
    </ClCompile>
    <ClCompile Include="sip\MyAlarmHandler.cpp">
      <Filter>sip</Filter>
    </ClCompile>
    <ClCompile Include="sip\MyVoiceBroadcastHandler.cpp">
      <Filter>sip</Filter>
    </ClCompile>
    <ClCompile Include="sip\MyInviteHandler.cpp">
      <Filter>sip</Filter>
    </ClCompile>
    <ClCompile Include="sip\MyByeHandler.cpp">
      <Filter>sip</Filter>
    </ClCompile>
    <ClCompile Include="GBDeviceConfig.cpp">
      <Filter>源文件</Filter>
    </ClCompile>
    <ClCompile Include="sip\MyDeviceConfigHandler.cpp">
      <Filter>sip</Filter>
    </ClCompile>
    <ClCompile Include="GBDeviceControl.cpp">
      <Filter>源文件</Filter>
    </ClCompile>
  </ItemGroup>
  <ItemGroup>
    <ClInclude Include="sip\MyEventHandler.h">
      <Filter>sip</Filter>
    </ClInclude>
    <ClInclude Include="sip\MySip.h">
      <Filter>sip</Filter>
    </ClInclude>
    <ClInclude Include="sip\MySipContext.h">
      <Filter>sip</Filter>
    </ClInclude>
    <ClInclude Include="sip\MySipHeader.h">
      <Filter>sip</Filter>
    </ClInclude>
    <ClInclude Include="sip\MySipMedia.h">
      <Filter>sip</Filter>
    </ClInclude>
    <ClInclude Include="sip\MySipModule.h">
      <Filter>sip</Filter>
    </ClInclude>
    <ClInclude Include="GB28181Server.h">
      <Filter>头文件</Filter>
    </ClInclude>
    <ClInclude Include="SipSDKPublic.h">
      <Filter>头文件</Filter>
    </ClInclude>
    <ClInclude Include="sip\MyRegisterHandler.h">
      <Filter>sip</Filter>
    </ClInclude>
    <ClInclude Include="sip\MyGBDevice.h">
      <Filter>sip</Filter>
    </ClInclude>
    <ClInclude Include="sip\MyGBDeviceManager.h">
      <Filter>sip</Filter>
    </ClInclude>
    <ClInclude Include="sip\MyKeepAliveHandler.h">
      <Filter>sip</Filter>
    </ClInclude>
    <ClInclude Include="xml\MyXmlParser.h">
      <Filter>xml</Filter>
    </ClInclude>
    <ClInclude Include="xml\MyDynamicStruct.h">
      <Filter>xml</Filter>
    </ClInclude>
    <ClInclude Include="sip\MyCatalogRecvHandler.h">
      <Filter>sip</Filter>
    </ClInclude>
    <ClInclude Include="sip\MySipInfo.h">
      <Filter>sip</Filter>
    </ClInclude>
    <ClInclude Include="sip\MyDeviceInfoHandler.h">
      <Filter>sip</Filter>
    </ClInclude>
    <ClInclude Include="sip\MyDeviceStatusHandler.h">
      <Filter>sip</Filter>
    </ClInclude>
    <ClInclude Include="sip\MyRecordInfoHandler.h">
      <Filter>sip</Filter>
    </ClInclude>
    <ClInclude Include="sip\MyDownloadHandler.h">
      <Filter>sip</Filter>
    </ClInclude>
    <ClInclude Include="sip\MyAlarmHandler.h">
      <Filter>sip</Filter>
    </ClInclude>
    <ClInclude Include="sip\MyVoiceBroadcastHandler.h">
      <Filter>sip</Filter>
    </ClInclude>
    <ClInclude Include="sip\MyInviteHandler.h">
      <Filter>sip</Filter>
    </ClInclude>
    <ClInclude Include="sip\MyByeHandler.h">
      <Filter>sip</Filter>
    </ClInclude>
    <ClInclude Include="GBDeviceConfig.h">
      <Filter>头文件</Filter>
    </ClInclude>
    <ClInclude Include="sip\MyDeviceConfigHandler.h">
      <Filter>sip</Filter>
    </ClInclude>
    <ClInclude Include="GBDeviceControl.h">
      <Filter>头文件</Filter>
    </ClInclude>
  </ItemGroup>
</Project>